{
  "requires": true,
  "lockfileVersion": 1,
  "dependencies": {
    "angular4-paystack": {
      "version": "3.0.0",
      "resolved": "https://registry.npmjs.org/angular4-paystack/-/angular4-paystack-3.0.0.tgz",
      "integrity": "sha512-3/L28qiMnxYTSsiIBq/1LDpxu5nHBXudtGCLUHI/nSIzyqhZ/bC9jG09Bx5RFJQDTJNlNzTMrG8wEfywFX8mgA==",
      "requires": {
        "tslib": "^1.9.0"
      }
    },
    "tslib": {
      "version": "1.14.1",
      "resolved": "https://registry.npmjs.org/tslib/-/tslib-1.14.1.tgz",
      "integrity": "sha512-Xni35NKzjgMrwevysHTCArtLDpPvye8zV/0E4EyYn43P7/7qvQwPh9BGkHewbMulVntbigmcT7rdX3BNo9wRJg=="
    }
  }
}
